
Microsoft Visual Studio Solution File, Format Version 12.00
# Visual Studio Version 16
VisualStudioVersion = 16.0.29306.81
MinimumVisualStudioVersion = 10.0.40219.1
Project("{FAE04EC0-301F-11D3-BF4B-00C04F79EFBC}") = "NullableTypesCSharp8", "NullableTypesCSharp8\NullableTypesCSharp8.csproj", "{9CA5B6A1-6E70-4316-9757-8A685432FD0F}"
EndProject
Global
	GlobalSection(SolutionConfigurationPlatforms) = preSolution
		Debug|Any CPU = Debug|Any CPU
		Release|Any CPU = Release|Any CPU
	EndGlobalSection
	GlobalSection(ProjectConfigurationPlatforms) = postSolution
		{9CA5B6A1-6E70-4316-9757-8A685432FD0F}.Debug|Any CPU.ActiveCfg = Debug|Any CPU
		{9CA5B6A1-6E70-4316-9757-8A685432FD0F}.Debug|Any CPU.Build.0 = Debug|Any CPU
		{9CA5B6A1-6E70-4316-9757-8A685432FD0F}.Release|Any CPU.ActiveCfg = Release|Any CPU
		{9CA5B6A1-6E70-4316-9757-8A685432FD0F}.Release|Any CPU.Build.0 = Release|Any CPU
	EndGlobalSection
	GlobalSection(SolutionProperties) = preSolution
		HideSolutionNode = FALSE
	EndGlobalSection
	GlobalSection(ExtensibilityGlobals) = postSolution
		SolutionGuid = {C3E78190-F1F9-4B0C-B2EF-CAE2EF9B85CA}
	EndGlobalSection
EndGlobal
